Microsoft Visual Studio Solution File, Format Version 12.00
# Visual Studio Version 16
VisualStudioVersion = 16.0.0.0
MinimumVisualStudioVersion = 16.0.0.0
Project("{9A19103F-16F7-4668-BE54-9A1E7A4F7556}") = "Voxed2.Server", "Server\Voxed2.Server.csproj", "{BBCE706E-142A-4FF2-95F5-3095672C2349}"
EndProject
Project("{9A19103F-16F7-4668-BE54-9A1E7A4F7556}") = "Voxed2.Client", "Client\Voxed2.Client.csproj", "{05C59DE0-7259-43C7-B18B-E6EF03CCE7F0}"
EndProject
Project("{9A19103F-16F7-4668-BE54-9A1E7A4F7556}") = "Voxed2.Shared", "Shared\Voxed2.Shared.csproj", "{B12187CC-049C-4B65-923E-0C7881A4848A}"
EndProject
Global
	GlobalSection(SolutionConfigurationPlatforms) = preSolution
		Debug|Any CPU = Debug|Any CPU
		Debug|x64 = Debug|x64
		Debug|x86 = Debug|x86
		Release|Any CPU = Release|Any CPU
		Release|x64 = Release|x64
		Release|x86 = Release|x86
	EndGlobalSection
	GlobalSection(ProjectConfigurationPlatforms) = postSolution
		{05C59DE0-7259-43C7-B18B-E6EF03CCE7F0}.Debug|Any CPU.ActiveCfg = Debug|Any CPU
		{05C59DE0-7259-43C7-B18B-E6EF03CCE7F0}.Debug|Any CPU.Build.0 = Debug|Any CPU
		{05C59DE0-7259-43C7-B18B-E6EF03CCE7F0}.Debug|x64.ActiveCfg = Debug|Any CPU
		{05C59DE0-7259-43C7-B18B-E6EF03CCE7F0}.Debug|x64.Build.0 = Debug|Any CPU
		{05C59DE0-7259-43C7-B18B-E6EF03CCE7F0}.Debug|x86.ActiveCfg = Debug|Any CPU
		{05C59DE0-7259-43C7-B18B-E6EF03CCE7F0}.Debug|x86.Build.0 = Debug|Any CPU
		{05C59DE0-7259-43C7-B18B-E6EF03CCE7F0}.Release|Any CPU.ActiveCfg = Release|Any CPU
		{05C59DE0-7259-43C7-B18B-E6EF03CCE7F0}.Release|Any CPU.Build.0 = Release|Any CPU
		{05C59DE0-7259-43C7-B18B-E6EF03CCE7F0}.Release|x64.ActiveCfg = Release|Any CPU
		{05C59DE0-7259-43C7-B18B-E6EF03CCE7F0}.Release|x64.Build.0 = Release|Any CPU
		{05C59DE0-7259-43C7-B18B-E6EF03CCE7F0}.Release|x86.ActiveCfg = Release|Any CPU
		{05C59DE0-7259-43C7-B18B-E6EF03CCE7F0}.Release|x86.Build.0 = Release|Any CPU
		{BBCE706E-142A-4FF2-95F5-3095672C2349}.Debug|Any CPU.ActiveCfg = Debug|Any CPU
		{BBCE706E-142A-4FF2-95F5-3095672C2349}.Debug|Any CPU.Build.0 = Debug|Any CPU
		{BBCE706E-142A-4FF2-95F5-3095672C2349}.Debug|x64.ActiveCfg = Debug|Any CPU
		{BBCE706E-142A-4FF2-95F5-3095672C2349}.Debug|x64.Build.0 = Debug|Any CPU
		{BBCE706E-142A-4FF2-95F5-3095672C2349}.Debug|x86.ActiveCfg = Debug|Any CPU
		{BBCE706E-142A-4FF2-95F5-3095672C2349}.Debug|x86.Build.0 = Debug|Any CPU
		{BBCE706E-142A-4FF2-95F5-3095672C2349}.Release|Any CPU.ActiveCfg = Release|Any CPU
		{BBCE706E-142A-4FF2-95F5-3095672C2349}.Release|Any CPU.Build.0 = Release|Any CPU
		{BBCE706E-142A-4FF2-95F5-3095672C2349}.Release|x64.ActiveCfg = Release|Any CPU
		{BBCE706E-142A-4FF2-95F5-3095672C2349}.Release|x64.Build.0 = Release|Any CPU
		{BBCE706E-142A-4FF2-95F5-3095672C2349}.Release|x86.ActiveCfg = Release|Any CPU
		{BBCE706E-142A-4FF2-95F5-3095672C2349}.Release|x86.Build.0 = Release|Any CPU
		{B12187CC-049C-4B65-923E-0C7881A4848A}.Debug|Any CPU.ActiveCfg = Debug|Any CPU
		{B12187CC-049C-4B65-923E-0C7881A4848A}.Debug|Any CPU.Build.0 = Debug|Any CPU
		{B12187CC-049C-4B65-923E-0C7881A4848A}.Debug|x64.ActiveCfg = Debug|Any CPU
		{B12187CC-049C-4B65-923E-0C7881A4848A}.Debug|x64.Build.0 = Debug|Any CPU
		{B12187CC-049C-4B65-923E-0C7881A4848A}.Debug|x86.ActiveCfg = Debug|Any CPU
		{B12187CC-049C-4B65-923E-0C7881A4848A}.Debug|x86.Build.0 = Debug|Any CPU
		{B12187CC-049C-4B65-923E-0C7881A4848A}.Release|Any CPU.ActiveCfg = Release|Any CPU
		{B12187CC-049C-4B65-923E-0C7881A4848A}.Release|Any CPU.Build.0 = Release|Any CPU
		{B12187CC-049C-4B65-923E-0C7881A4848A}.Release|x64.ActiveCfg = Release|Any CPU
		{B12187CC-049C-4B65-923E-0C7881A4848A}.Release|x64.Build.0 = Release|Any CPU
		{B12187CC-049C-4B65-923E-0C7881A4848A}.Release|x86.ActiveCfg = Release|Any CPU
		{B12187CC-049C-4B65-923E-0C7881A4848A}.Release|x86.Build.0 = Release|Any CPU
	EndGlobalSection
	GlobalSection(SolutionProperties) = preSolution
		HideSolutionNode = FALSE
	EndGlobalSection
	GlobalSection(ExtensibilityGlobals) = postSolution
		SolutionGuid = {288D96CC-6BD2-401A-95EF-5D76894FB6EC}
	EndGlobalSection
EndGlobal